// !$*UTF8*$!
{
	archiveVersion = 1;
	classes = {
	};
	objectVersion = 46;
	objects = {

/* Begin PBXBuildFile section */
		7E1C1E431ABC3FF0007800D5 /* StoryDetailViewController.m in Sources */ = {isa = PBXBuildFile; fileRef = 7E1C1E421ABC3FF0007800D5 /* StoryDetailViewController.m */; };
		7EB7C8AD1ABBCAD400E9BC48 /* SafeSpaceViewController.m in Sources */ = {isa = PBXBuildFile; fileRef = 7EB7C8AC1ABBCAD400E9BC48 /* SafeSpaceViewController.m */; };
		7EB7C8B01ABBFF2C00E9BC48 /* DangerZoneViewController.m in Sources */ = {isa = PBXBuildFile; fileRef = 7EB7C8AF1ABBFF2C00E9BC48 /* DangerZoneViewController.m */; };
		7ECD609C1ABD00A000F0637D /* main.m in Sources */ = {isa = PBXBuildFile; fileRef = 7ECD609B1ABD00A000F0637D /* main.m */; };
		7ECD609F1ABD00A000F0637D /* AppDelegate.m in Sources */ = {isa = PBXBuildFile; fileRef = 7ECD609E1ABD00A000F0637D /* AppDelegate.m */; };
		7ECD60A21ABD00A000F0637D /* Take_Care.xcdatamodeld in Sources */ = {isa = PBXBuildFile; fileRef = 7ECD60A01ABD00A000F0637D /* Take_Care.xcdatamodeld */; };
		7ECD60A81ABD00A000F0637D /* Main.storyboard in Resources */ = {isa = PBXBuildFile; fileRef = 7ECD60A61ABD00A000F0637D /* Main.storyboard */; };
		7ECD60AA1ABD00A000F0637D /* Images.xcassets in Resources */ = {isa = PBXBuildFile; fileRef = 7ECD60A91ABD00A000F0637D /* Images.xcassets */; };
		7ECD60AD1ABD00A000F0637D /* LaunchScreen.xib in Resources */ = {isa = PBXBuildFile; fileRef = 7ECD60AB1ABD00A000F0637D /* LaunchScreen.xib */; };
		7ECD60B91ABD00A000F0637D /* Take_CareTests.m in Sources */ = {isa = PBXBuildFile; fileRef = 7ECD60B81ABD00A000F0637D /* Take_CareTests.m */; };
		7ECD60C91ABD026200F0637D /* LeftPanelViewController.m in Sources */ = {isa = PBXBuildFile; fileRef = 7ECD60C61ABD026200F0637D /* LeftPanelViewController.m */; };
		7ECD60CA1ABD026200F0637D /* SidePanelViewController.m in Sources */ = {isa = PBXBuildFile; fileRef = 7ECD60C81ABD026200F0637D /* SidePanelViewController.m */; };
		7ECD60DF1ABD031700F0637D /* HomeViewController.m in Sources */ = {isa = PBXBuildFile; fileRef = 7ECD60DE1ABD031700F0637D /* HomeViewController.m */; };
		7ECD60F21ABD031700F0637D /* SpaceViewController.m in Sources */ = {isa = PBXBuildFile; fileRef = 7ECD60F11ABD031700F0637D /* SpaceViewController.m */; };
		7ECD61011ABD031700F0637D /* ReportIncidentViewController.m in Sources */ = {isa = PBXBuildFile; fileRef = 7ECD61001ABD031700F0637D /* ReportIncidentViewController.m */; };
		EC520D1AA597BA1625C9C87E /* libPods.a in Frameworks */ = {isa = PBXBuildFile; fileRef = 3928C1753C454FFB91CAAEA4 /* libPods.a */; };
		EC91DDA51ABCABE700FC7A49 /* siren.mp3 in Resources */ = {isa = PBXBuildFile; fileRef = EC91DDA41ABCABE700FC7A49 /* siren.mp3 */; };
		EC91DDAB1ABCAC5800FC7A49 /* AnimationUtils.m in Sources */ = {isa = PBXBuildFile; fileRef = EC91DDAA1ABCAC5800FC7A49 /* AnimationUtils.m */; };
		EC91DDAD1ABCAD2E00FC7A49 /* CoreLocation.framework in Frameworks */ = {isa = PBXBuildFile; fileRef = EC91DDAC1ABCAD2E00FC7A49 /* CoreLocation.framework */; };
		EC91DDB01ABCADF300FC7A49 /* UnsafeViewController.m in Sources */ = {isa = PBXBuildFile; fileRef = EC91DDAF1ABCADF300FC7A49 /* UnsafeViewController.m */; };
		EC91DDD61ABCAF3800FC7A49 /* bg.png in Resources */ = {isa = PBXBuildFile; fileRef = EC91DDB11ABCAF3700FC7A49 /* bg.png */; };
		EC91DDD71ABCAF3800FC7A49 /* bgbutton.png in Resources */ = {isa = PBXBuildFile; fileRef = EC91DDB21ABCAF3700FC7A49 /* bgbutton.png */; };
		EC91DDD81ABCAF3800FC7A49 /* cancelbutton.png in Resources */ = {isa = PBXBuildFile; fileRef = EC91DDB31ABCAF3700FC7A49 /* cancelbutton.png */; };
		EC91DDD91ABCAF3800FC7A49 /* changepin.png in Resources */ = {isa = PBXBuildFile; fileRef = EC91DDB41ABCAF3700FC7A49 /* changepin.png */; };
		EC91DDDA1ABCAF3800FC7A49 /* checkbutton.png in Resources */ = {isa = PBXBuildFile; fileRef = EC91DDB51ABCAF3700FC7A49 /* checkbutton.png */; };
		EC91DDDB1ABCAF3800FC7A49 /* dangerzonenotpressed.png in Resources */ = {isa = PBXBuildFile; fileRef = EC91DDB61ABCAF3700FC7A49 /* dangerzonenotpressed.png */; };
		EC91DDDC1ABCAF3800FC7A49 /* dangerzonepressed.png in Resources */ = {isa = PBXBuildFile; fileRef = EC91DDB71ABCAF3700FC7A49 /* dangerzonepressed.png */; };
		EC91DDDD1ABCAF3800FC7A49 /* drawer.png in Resources */ = {isa = PBXBuildFile; fileRef = EC91DDB81ABCAF3700FC7A49 /* drawer.png */; };
		EC91DDDE1ABCAF3800FC7A49 /* drawerbar.png in Resources */ = {isa = PBXBuildFile; fileRef = EC91DDB91ABCAF3700FC7A49 /* drawerbar.png */; };
		EC91DDDF1ABCAF3800FC7A49 /* drawerrr.png in Resources */ = {isa = PBXBuildFile; fileRef = EC91DDBA1ABCAF3700FC7A49 /* drawerrr.png */; };
		EC91DDE01ABCAF3800FC7A49 /* emergencyicon.png in Resources */ = {isa = PBXBuildFile; fileRef = EC91DDBB1ABCAF3800FC7A49 /* emergencyicon.png */; };
		EC91DDE11ABCAF3800FC7A49 /* enterpintextbox.png in Resources */ = {isa = PBXBuildFile; fileRef = EC91DDBC1ABCAF3800FC7A49 /* enterpintextbox.png */; };
		EC91DDE21ABCAF3800FC7A49 /* feelunsafebutton.png in Resources */ = {isa = PBXBuildFile; fileRef = EC91DDBD1ABCAF3800FC7A49 /* feelunsafebutton.png */; };
		EC91DDE31ABCAF3800FC7A49 /* header.png in Resources */ = {isa = PBXBuildFile; fileRef = EC91DDBE1ABCAF3800FC7A49 /* header.png */; };
		EC91DDE41ABCAF3800FC7A49 /* header@2x.png in Resources */ = {isa = PBXBuildFile; fileRef = EC91DDBF1ABCAF3800FC7A49 /* header@2x.png */; };
		EC91DDE51ABCAF3800FC7A49 /* headerbar.png in Resources */ = {isa = PBXBuildFile; fileRef = EC91DDC01ABCAF3800FC7A49 /* headerbar.png */; };
		EC91DDE61ABCAF3800FC7A49 /* headerbarwhite.png in Resources */ = {isa = PBXBuildFile; fileRef = EC91DDC11ABCAF3800FC7A49 /* headerbarwhite.png */; };
		EC91DDE71ABCAF3800FC7A49 /* homeicon.png in Resources */ = {isa = PBXBuildFile; fileRef = EC91DDC21ABCAF3800FC7A49 /* homeicon.png */; };
		EC91DDE81ABCAF3800FC7A49 /* identifyspacenotpressed.png in Resources */ = {isa = PBXBuildFile; fileRef = EC91DDC31ABCAF3800FC7A49 /* identifyspacenotpressed.png */; };
		EC91DDE91ABCAF3800FC7A49 /* identifyspacepressed.png in Resources */ = {isa = PBXBuildFile; fileRef = EC91DDC41ABCAF3800FC7A49 /* identifyspacepressed.png */; };
		EC91DDEA1ABCAF3800FC7A49 /* locationicon.png in Resources */ = {isa = PBXBuildFile; fileRef = EC91DDC51ABCAF3800FC7A49 /* locationicon.png */; };
		EC91DDEB1ABCAF3800FC7A49 /* locationtextbox.png in Resources */ = {isa = PBXBuildFile; fileRef = EC91DDC61ABCAF3800FC7A49 /* locationtextbox.png */; };
		EC91DDEC1ABCAF3800FC7A49 /* loginfacebookbutton.png in Resources */ = {isa = PBXBuildFile; fileRef = EC91DDC71ABCAF3800FC7A49 /* loginfacebookbutton.png */; };
		EC91DDED1ABCAF3800FC7A49 /* logo.png in Resources */ = {isa = PBXBuildFile; fileRef = EC91DDC81ABCAF3800FC7A49 /* logo.png */; };
		EC91DDEE1ABCAF3800FC7A49 /* logosmall.png in Resources */ = {isa = PBXBuildFile; fileRef = EC91DDC91ABCAF3800FC7A49 /* logosmall.png */; };
		EC91DDEF1ABCAF3800FC7A49 /* menu-icon.png in Resources */ = {isa = PBXBuildFile; fileRef = EC91DDCA1ABCAF3800FC7A49 /* menu-icon.png */; };
		EC91DDF01ABCAF3800FC7A49 /* menu-icon@2x.png in Resources */ = {isa = PBXBuildFile; fileRef = EC91DDCB1ABCAF3800FC7A49 /* menu-icon@2x.png */; };
		EC91DDF11ABCAF3800FC7A49 /* navicon.png in Resources */ = {isa = PBXBuildFile; fileRef = EC91DDCC1ABCAF3800FC7A49 /* navicon.png */; };
		EC91DDF21ABCAF3800FC7A49 /* profileicon.png in Resources */ = {isa = PBXBuildFile; fileRef = EC91DDCD1ABCAF3800FC7A49 /* profileicon.png */; };
		EC91DDF31ABCAF3800FC7A49 /* reportbutton.png in Resources */ = {isa = PBXBuildFile; fileRef = EC91DDCE1ABCAF3800FC7A49 /* reportbutton.png */; };
		EC91DDF41ABCAF3800FC7A49 /* reportincidentnotpressed.png in Resources */ = {isa = PBXBuildFile; fileRef = EC91DDCF1ABCAF3800FC7A49 /* reportincidentnotpressed.png */; };
		EC91DDF51ABCAF3800FC7A49 /* reportincidentpressed.png in Resources */ = {isa = PBXBuildFile; fileRef = EC91DDD01ABCAF3800FC7A49 /* reportincidentpressed.png */; };
		EC91DDF61ABCAF3800FC7A49 /* reportstorybg.png in Resources */ = {isa = PBXBuildFile; fileRef = EC91DDD11ABCAF3800FC7A49 /* reportstorybg.png */; };
		EC91DDF71ABCAF3800FC7A49 /* settingsicon.png in Resources */ = {isa = PBXBuildFile; fileRef = EC91DDD21ABCAF3800FC7A49 /* settingsicon.png */; };
		EC91DDF81ABCAF3800FC7A49 /* spacebutton.png in Resources */ = {isa = PBXBuildFile; fileRef = EC91DDD31ABCAF3800FC7A49 /* spacebutton.png */; };
		EC91DDF91ABCAF3800FC7A49 /* submitbutton.png in Resources */ = {isa = PBXBuildFile; fileRef = EC91DDD41ABCAF3800FC7A49 /* submitbutton.png */; };
		EC91DDFA1ABCAF3800FC7A49 /* tapimage.png in Resources */ = {isa = PBXBuildFile; fileRef = EC91DDD51ABCAF3800FC7A49 /* tapimage.png */; };
		EC91DDFC1ABCAF7300FC7A49 /* profile.png in Resources */ = {isa = PBXBuildFile; fileRef = EC91DDFB1ABCAF7300FC7A49 /* profile.png */; };
		EC91DDFE1ABCAF8000FC7A49 /* settings.png in Resources */ = {isa = PBXBuildFile; fileRef = EC91DDFD1ABCAF8000FC7A49 /* settings.png */; };
		EC91DE001ABCAF9300FC7A49 /* emergencycontacts.png in Resources */ = {isa = PBXBuildFile; fileRef = EC91DDFF1ABCAF9300FC7A49 /* emergencycontacts.png */; };
		EC91DE021ABCAF9F00FC7A49 /* home.png in Resources */ = {isa = PBXBuildFile; fileRef = EC91DE011ABCAF9F00FC7A49 /* home.png */; };
		EC91DE041ABCAFDB00FC7A49 /* drawerbarbg.png in Resources */ = {isa = PBXBuildFile; fileRef = EC91DE031ABCAFDB00FC7A49 /* drawerbarbg.png */; };
		EC91DE061ABCDC2800FC7A49 /* user notactive btn.png in Resources */ = {isa = PBXBuildFile; fileRef = EC91DE051ABCDC2800FC7A49 /* user notactive btn.png */; };
		EC91DE091ABCDCC600FC7A49 /* RAContactsViewController.m in Sources */ = {isa = PBXBuildFile; fileRef = EC91DE081ABCDCC600FC7A49 /* RAContactsViewController.m */; };
		EC91DE0D1ABCDD1400FC7A49 /* RAContactCell.m in Sources */ = {isa = PBXBuildFile; fileRef = EC91DE0B1ABCDD1400FC7A49 /* RAContactCell.m */; };
		EC91DE0F1ABCE55700FC7A49 /* drawerburger.png in Resources */ = {isa = PBXBuildFile; fileRef = EC91DE0E1ABCE55700FC7A49 /* drawerburger.png */; };
/* End PBXBuildFile section */

/* Begin PBXContainerItemProxy section */
		7ECD60B31ABD00A000F0637D /* PBXContainerItemProxy */ = {
			isa = PBXContainerItemProxy;
			containerPortal = 7ECD608E1ABD00A000F0637D /* Project object */;
			proxyType = 1;
			remoteGlobalIDString = 7ECD60951ABD00A000F0637D;
			remoteInfo = "Take Care";
		};
/* End PBXContainerItemProxy section */

/* Begin PBXFileReference section */
		3928C1753C454FFB91CAAEA4 /* libPods.a */ = {isa = PBXFileReference; explicitFileType = archive.ar; includeInIndex = 0; path = libPods.a; sourceTree = BUILT_PRODUCTS_DIR; };
		478490AADEE3172A7728B900 /* Pods.debug.xcconfig */ = {isa = PBXFileReference; includeInIndex = 1; lastKnownFileType = text.xcconfig; name = Pods.debug.xcconfig; path = "Pods/Target Support Files/Pods/Pods.debug.xcconfig"; sourceTree = "<group>"; };
		7E1C1E411ABC3FF0007800D5 /* StoryDetailViewController.h */ = {isa = PBXFileReference; fileEncoding = 4; lastKnownFileType = sourcecode.c.h; name = StoryDetailViewController.h; path = Controller/StoryDetailViewController.h; sourceTree = "<group>"; };
		7E1C1E421ABC3FF0007800D5 /* StoryDetailViewController.m */ = {isa = PBXFileReference; fileEncoding = 4; lastKnownFileType = sourcecode.c.objc; name = StoryDetailViewController.m; path = Controller/StoryDetailViewController.m; sourceTree = "<group>"; };
		7EB7C8AB1ABBCAD400E9BC48 /* SafeSpaceViewController.h */ = {isa = PBXFileReference; fileEncoding = 4; lastKnownFileType = sourcecode.c.h; name = SafeSpaceViewController.h; path = Controller/SafeSpaceViewController.h; sourceTree = "<group>"; };
		7EB7C8AC1ABBCAD400E9BC48 /* SafeSpaceViewController.m */ = {isa = PBXFileReference; fileEncoding = 4; lastKnownFileType = sourcecode.c.objc; name = SafeSpaceViewController.m; path = Controller/SafeSpaceViewController.m; sourceTree = "<group>"; };
		7EB7C8AE1ABBFF2C00E9BC48 /* DangerZoneViewController.h */ = {isa = PBXFileReference; fileEncoding = 4; lastKnownFileType = sourcecode.c.h; name = DangerZoneViewController.h; path = Controller/DangerZoneViewController.h; sourceTree = "<group>"; };
		7EB7C8AF1ABBFF2C00E9BC48 /* DangerZoneViewController.m */ = {isa = PBXFileReference; fileEncoding = 4; lastKnownFileType = sourcecode.c.objc; name = DangerZoneViewController.m; path = Controller/DangerZoneViewController.m; sourceTree = "<group>"; };
		7ECD60961ABD00A000F0637D /* Take Care.app */ = {isa = PBXFileReference; explicitFileType = wrapper.application; includeInIndex = 0; path = "Take Care.app"; sourceTree = BUILT_PRODUCTS_DIR; };
		7ECD609A1ABD00A000F0637D /* Info.plist */ = {isa = PBXFileReference; lastKnownFileType = text.plist.xml; path = Info.plist; sourceTree = "<group>"; };
		7ECD609B1ABD00A000F0637D /* main.m */ = {isa = PBXFileReference; lastKnownFileType = sourcecode.c.objc; path = main.m; sourceTree = "<group>"; };
		7ECD609D1ABD00A000F0637D /* AppDelegate.h */ = {isa = PBXFileReference; lastKnownFileType = sourcecode.c.h; path = AppDelegate.h; sourceTree = "<group>"; };
		7ECD609E1ABD00A000F0637D /* AppDelegate.m */ = {isa = PBXFileReference; lastKnownFileType = sourcecode.c.objc; path = AppDelegate.m; sourceTree = "<group>"; };
		7ECD60A11ABD00A000F0637D /* Take_Care.xcdatamodel */ = {isa = PBXFileReference; lastKnownFileType = wrapper.xcdatamodel; path = Take_Care.xcdatamodel; sourceTree = "<group>"; };
		7ECD60A71ABD00A000F0637D /* Base */ = {isa = PBXFileReference; lastKnownFileType = file.storyboard; name = Base; path = Base.lproj/Main.storyboard; sourceTree = "<group>"; };
		7ECD60A91ABD00A000F0637D /* Images.xcassets */ = {isa = PBXFileReference; lastKnownFileType = folder.assetcatalog; path = Images.xcassets; sourceTree = "<group>"; };
		7ECD60AC1ABD00A000F0637D /* Base */ = {isa = PBXFileReference; lastKnownFileType = file.xib; name = Base; path = Base.lproj/LaunchScreen.xib; sourceTree = "<group>"; };
		7ECD60B21ABD00A000F0637D /* Take CareTests.xctest */ = {isa = PBXFileReference; explicitFileType = wrapper.cfbundle; includeInIndex = 0; path = "Take CareTests.xctest"; sourceTree = BUILT_PRODUCTS_DIR; };
		7ECD60B71ABD00A000F0637D /* Info.plist */ = {isa = PBXFileReference; lastKnownFileType = text.plist.xml; path = Info.plist; sourceTree = "<group>"; };
		7ECD60B81ABD00A000F0637D /* Take_CareTests.m */ = {isa = PBXFileReference; lastKnownFileType = sourcecode.c.objc; path = Take_CareTests.m; sourceTree = "<group>"; };
		7ECD60C51ABD026200F0637D /* LeftPanelViewController.h */ = {isa = PBXFileReference; fileEncoding = 4; lastKnownFileType = sourcecode.c.h; path = LeftPanelViewController.h; sourceTree = "<group>"; };
		7ECD60C61ABD026200F0637D /* LeftPanelViewController.m */ = {isa = PBXFileReference; fileEncoding = 4; lastKnownFileType = sourcecode.c.objc; path = LeftPanelViewController.m; sourceTree = "<group>"; };
		7ECD60C71ABD026200F0637D /* SidePanelViewController.h */ = {isa = PBXFileReference; fileEncoding = 4; lastKnownFileType = sourcecode.c.h; path = SidePanelViewController.h; sourceTree = "<group>"; };
		7ECD60C81ABD026200F0637D /* SidePanelViewController.m */ = {isa = PBXFileReference; fileEncoding = 4; lastKnownFileType = sourcecode.c.objc; path = SidePanelViewController.m; sourceTree = "<group>"; };
		7ECD60DD1ABD031700F0637D /* HomeViewController.h */ = {isa = PBXFileReference; fileEncoding = 4; lastKnownFileType = sourcecode.c.h; name = HomeViewController.h; path = Controller/HomeViewController.h; sourceTree = "<group>"; };
		7ECD60DE1ABD031700F0637D /* HomeViewController.m */ = {isa = PBXFileReference; fileEncoding = 4; lastKnownFileType = sourcecode.c.objc; name = HomeViewController.m; path = Controller/HomeViewController.m; sourceTree = "<group>"; };
		7ECD60F01ABD031700F0637D /* SpaceViewController.h */ = {isa = PBXFileReference; fileEncoding = 4; lastKnownFileType = sourcecode.c.h; name = SpaceViewController.h; path = Controller/SpaceViewController.h; sourceTree = "<group>"; };
		7ECD60F11ABD031700F0637D /* SpaceViewController.m */ = {isa = PBXFileReference; fileEncoding = 4; lastKnownFileType = sourcecode.c.objc; name = SpaceViewController.m; path = Controller/SpaceViewController.m; sourceTree = "<group>"; };
		7ECD60FF1ABD031700F0637D /* ReportIncidentViewController.h */ = {isa = PBXFileReference; fileEncoding = 4; lastKnownFileType = sourcecode.c.h; name = ReportIncidentViewController.h; path = Controller/ReportIncidentViewController.h; sourceTree = "<group>"; };
		7ECD61001ABD031700F0637D /* ReportIncidentViewController.m */ = {isa = PBXFileReference; fileEncoding = 4; lastKnownFileType = sourcecode.c.objc; name = ReportIncidentViewController.m; path = Controller/ReportIncidentViewController.m; sourceTree = "<group>"; };
		9C8E22381E845C31380D3973 /* Pods.release.xcconfig */ = {isa = PBXFileReference; includeInIndex = 1; lastKnownFileType = text.xcconfig; name = Pods.release.xcconfig; path = "Pods/Target Support Files/Pods/Pods.release.xcconfig"; sourceTree = "<group>"; };
		EC91DDA41ABCABE700FC7A49 /* siren.mp3 */ = {isa = PBXFileReference; lastKnownFileType = audio.mp3; path = siren.mp3; sourceTree = "<group>"; };
		EC91DDA71ABCAC1B00FC7A49 /* Constants.h */ = {isa = PBXFileReference; lastKnownFileType = sourcecode.c.h; path = Constants.h; sourceTree = "<group>"; };
		EC91DDA91ABCAC5800FC7A49 /* AnimationUtils.h */ = {isa = PBXFileReference; fileEncoding = 4; lastKnownFileType = sourcecode.c.h; path = AnimationUtils.h; sourceTree = "<group>"; };
		EC91DDAA1ABCAC5800FC7A49 /* AnimationUtils.m */ = {isa = PBXFileReference; fileEncoding = 4; lastKnownFileType = sourcecode.c.objc; path = AnimationUtils.m; sourceTree = "<group>"; };
		EC91DDAC1ABCAD2E00FC7A49 /* CoreLocation.framework */ = {isa = PBXFileReference; lastKnownFileType = wrapper.framework; name = CoreLocation.framework; path = System/Library/Frameworks/CoreLocation.framework; sourceTree = SDKROOT; };
		EC91DDAE1ABCADF300FC7A49 /* UnsafeViewController.h */ = {isa = PBXFileReference; fileEncoding = 4; lastKnownFileType = sourcecode.c.h; path = UnsafeViewController.h; sourceTree = "<group>"; };
		EC91DDAF1ABCADF300FC7A49 /* UnsafeViewController.m */ = {isa = PBXFileReference; fileEncoding = 4; lastKnownFileType = sourcecode.c.objc; path = UnsafeViewController.m; sourceTree = "<group>"; };
		EC91DDB11ABCAF3700FC7A49 /* bg.png */ = {isa = PBXFileReference; lastKnownFileType = image.png; path = bg.png; sourceTree = "<group>"; };
		EC91DDB21ABCAF3700FC7A49 /* bgbutton.png */ = {isa = PBXFileReference; lastKnownFileType = image.png; path = bgbutton.png; sourceTree = "<group>"; };
		EC91DDB31ABCAF3700FC7A49 /* cancelbutton.png */ = {isa = PBXFileReference; lastKnownFileType = image.png; path = cancelbutton.png; sourceTree = "<group>"; };
		EC91DDB41ABCAF3700FC7A49 /* changepin.png */ = {isa = PBXFileReference; lastKnownFileType = image.png; path = changepin.png; sourceTree = "<group>"; };
		EC91DDB51ABCAF3700FC7A49 /* checkbutton.png */ = {isa = PBXFileReference; lastKnownFileType = image.png; path = checkbutton.png; sourceTree = "<group>"; };
		EC91DDB61ABCAF3700FC7A49 /* dangerzonenotpressed.png */ = {isa = PBXFileReference; lastKnownFileType = image.png; path = dangerzonenotpressed.png; sourceTree = "<group>"; };
		EC91DDB71ABCAF3700FC7A49 /* dangerzonepressed.png */ = {isa = PBXFileReference; lastKnownFileType = image.png; path = dangerzonepressed.png; sourceTree = "<group>"; };
		EC91DDB81ABCAF3700FC7A49 /* drawer.png */ = {isa = PBXFileReference; lastKnownFileType = image.png; path = drawer.png; sourceTree = "<group>"; };
		EC91DDB91ABCAF3700FC7A49 /* drawerbar.png */ = {isa = PBXFileReference; lastKnownFileType = image.png; path = drawerbar.png; sourceTree = "<group>"; };
		EC91DDBA1ABCAF3700FC7A49 /* drawerrr.png */ = {isa = PBXFileReference; lastKnownFileType = image.png; path = drawerrr.png; sourceTree = "<group>"; };
		EC91DDBB1ABCAF3800FC7A49 /* emergencyicon.png */ = {isa = PBXFileReference; lastKnownFileType = image.png; path = emergencyicon.png; sourceTree = "<group>"; };
		EC91DDBC1ABCAF3800FC7A49 /* enterpintextbox.png */ = {isa = PBXFileReference; lastKnownFileType = image.png; path = enterpintextbox.png; sourceTree = "<group>"; };
		EC91DDBD1ABCAF3800FC7A49 /* feelunsafebutton.png */ = {isa = PBXFileReference; lastKnownFileType = image.png; path = feelunsafebutton.png; sourceTree = "<group>"; };
		EC91DDBE1ABCAF3800FC7A49 /* header.png */ = {isa = PBXFileReference; lastKnownFileType = image.png; path = header.png; sourceTree = "<group>"; };
		EC91DDBF1ABCAF3800FC7A49 /* header@2x.png */ = {isa = PBXFileReference; lastKnownFileType = image.png; path = "header@2x.png"; sourceTree = "<group>"; };
		EC91DDC01ABCAF3800FC7A49 /* headerbar.png */ = {isa = PBXFileReference; lastKnownFileType = image.png; path = headerbar.png; sourceTree = "<group>"; };
		EC91DDC11ABCAF3800FC7A49 /* headerbarwhite.png */ = {isa = PBXFileReference; lastKnownFileType = image.png; path = headerbarwhite.png; sourceTree = "<group>"; };
		EC91DDC21ABCAF3800FC7A49 /* homeicon.png */ = {isa = PBXFileReference; lastKnownFileType = image.png; path = homeicon.png; sourceTree = "<group>"; };
		EC91DDC31ABCAF3800FC7A49 /* identifyspacenotpressed.png */ = {isa = PBXFileReference; lastKnownFileType = image.png; path = identifyspacenotpressed.png; sourceTree = "<group>"; };
		EC91DDC41ABCAF3800FC7A49 /* identifyspacepressed.png */ = {isa = PBXFileReference; lastKnownFileType = image.png; path = identifyspacepressed.png; sourceTree = "<group>"; };
		EC91DDC51ABCAF3800FC7A49 /* locationicon.png */ = {isa = PBXFileReference; lastKnownFileType = image.png; path = locationicon.png; sourceTree = "<group>"; };
		EC91DDC61ABCAF3800FC7A49 /* locationtextbox.png */ = {isa = PBXFileReference; lastKnownFileType = image.png; path = locationtextbox.png; sourceTree = "<group>"; };
		EC91DDC71ABCAF3800FC7A49 /* loginfacebookbutton.png */ = {isa = PBXFileReference; lastKnownFileType = image.png; path = loginfacebookbutton.png; sourceTree = "<group>"; };
		EC91DDC81ABCAF3800FC7A49 /* logo.png */ = {isa = PBXFileReference; lastKnownFileType = image.png; path = logo.png; sourceTree = "<group>"; };
		EC91DDC91ABCAF3800FC7A49 /* logosmall.png */ = {isa = PBXFileReference; lastKnownFileType = image.png; path = logosmall.png; sourceTree = "<group>"; };
		EC91DDCA1ABCAF3800FC7A49 /* menu-icon.png */ = {isa = PBXFileReference; lastKnownFileType = image.png; path = "menu-icon.png"; sourceTree = "<group>"; };
		EC91DDCB1ABCAF3800FC7A49 /* menu-icon@2x.png */ = {isa = PBXFileReference; lastKnownFileType = image.png; path = "menu-icon@2x.png"; sourceTree = "<group>"; };
		EC91DDCC1ABCAF3800FC7A49 /* navicon.png */ = {isa = PBXFileReference; lastKnownFileType = image.png; path = navicon.png; sourceTree = "<group>"; };
		EC91DDCD1ABCAF3800FC7A49 /* profileicon.png */ = {isa = PBXFileReference; lastKnownFileType = image.png; path = profileicon.png; sourceTree = "<group>"; };
		EC91DDCE1ABCAF3800FC7A49 /* reportbutton.png */ = {isa = PBXFileReference; lastKnownFileType = image.png; path = reportbutton.png; sourceTree = "<group>"; };
		EC91DDCF1ABCAF3800FC7A49 /* reportincidentnotpressed.png */ = {isa = PBXFileReference; lastKnownFileType = image.png; path = reportincidentnotpressed.png; sourceTree = "<group>"; };
		EC91DDD01ABCAF3800FC7A49 /* reportincidentpressed.png */ = {isa = PBXFileReference; lastKnownFileType = image.png; path = reportincidentpressed.png; sourceTree = "<group>"; };
		EC91DDD11ABCAF3800FC7A49 /* reportstorybg.png */ = {isa = PBXFileReference; lastKnownFileType = image.png; path = reportstorybg.png; sourceTree = "<group>"; };
		EC91DDD21ABCAF3800FC7A49 /* settingsicon.png */ = {isa = PBXFileReference; lastKnownFileType = image.png; path = settingsicon.png; sourceTree = "<group>"; };
		EC91DDD31ABCAF3800FC7A49 /* spacebutton.png */ = {isa = PBXFileReference; lastKnownFileType = image.png; path = spacebutton.png; sourceTree = "<group>"; };
		EC91DDD41ABCAF3800FC7A49 /* submitbutton.png */ = {isa = PBXFileReference; lastKnownFileType = image.png; path = submitbutton.png; sourceTree = "<group>"; };
		EC91DDD51ABCAF3800FC7A49 /* tapimage.png */ = {isa = PBXFileReference; lastKnownFileType = image.png; path = tapimage.png; sourceTree = "<group>"; };
		EC91DDFB1ABCAF7300FC7A49 /* profile.png */ = {isa = PBXFileReference; lastKnownFileType = image.png; path = profile.png; sourceTree = "<group>"; };
		EC91DDFD1ABCAF8000FC7A49 /* settings.png */ = {isa = PBXFileReference; lastKnownFileType = image.png; path = settings.png; sourceTree = "<group>"; };
		EC91DDFF1ABCAF9300FC7A49 /* emergencycontacts.png */ = {isa = PBXFileReference; lastKnownFileType = image.png; path = emergencycontacts.png; sourceTree = "<group>"; };
		EC91DE011ABCAF9F00FC7A49 /* home.png */ = {isa = PBXFileReference; lastKnownFileType = image.png; path = home.png; sourceTree = "<group>"; };
		EC91DE031ABCAFDB00FC7A49 /* drawerbarbg.png */ = {isa = PBXFileReference; lastKnownFileType = image.png; path = drawerbarbg.png; sourceTree = "<group>"; };
		EC91DE051ABCDC2800FC7A49 /* user notactive btn.png */ = {isa = PBXFileReference; lastKnownFileType = image.png; path = "user notactive btn.png"; sourceTree = "<group>"; };
		EC91DE071ABCDCC600FC7A49 /* RAContactsViewController.h */ = {isa = PBXFileReference; fileEncoding = 4; lastKnownFileType = sourcecode.c.h; path = RAContactsViewController.h; sourceTree = "<group>"; };
		EC91DE081ABCDCC600FC7A49 /* RAContactsViewController.m */ = {isa = PBXFileReference; fileEncoding = 4; lastKnownFileType = sourcecode.c.objc; path = RAContactsViewController.m; sourceTree = "<group>"; };
		EC91DE0B1ABCDD1400FC7A49 /* RAContactCell.m */ = {isa = PBXFileReference; fileEncoding = 4; lastKnownFileType = sourcecode.c.objc; path = RAContactCell.m; sourceTree = "<group>"; };
		EC91DE0C1ABCDD1400FC7A49 /* RAContactCell.h */ = {isa = PBXFileReference; fileEncoding = 4; lastKnownFileType = sourcecode.c.h; path = RAContactCell.h; sourceTree = "<group>"; };
		EC91DE0E1ABCE55700FC7A49 /* drawerburger.png */ = {isa = PBXFileReference; lastKnownFileType = image.png; path = drawerburger.png; sourceTree = "<group>"; };
/* End PBXFileReference section */

/* Begin PBXFrameworksBuildPhase section */
		7ECD60931ABD00A000F0637D /* Frameworks */ = {
			isa = PBXFrameworksBuildPhase;
			buildActionMask = 2147483647;
			files = (
				EC91DDAD1ABCAD2E00FC7A49 /* CoreLocation.framework in Frameworks */,
				EC520D1AA597BA1625C9C87E /* libPods.a in Frameworks */,
			);
			runOnlyForDeploymentPostprocessing = 0;
		};
		7ECD60AF1ABD00A000F0637D /* Frameworks */ = {
			isa = PBXFrameworksBuildPhase;
			buildActionMask = 2147483647;
			files = (
			);
			runOnlyForDeploymentPostprocessing = 0;
		};
/* End PBXFrameworksBuildPhase section */

/* Begin PBXGroup section */
		0FF5C4819E1ED225723347FD /* Pods */ = {
			isa = PBXGroup;
			children = (
				478490AADEE3172A7728B900 /* Pods.debug.xcconfig */,
				9C8E22381E845C31380D3973 /* Pods.release.xcconfig */,
			);
			name = Pods;
			sourceTree = "<group>";
		};
		7ECD608D1ABD00A000F0637D = {
			isa = PBXGroup;
			children = (
				7ECD60981ABD00A000F0637D /* Take Care */,
				7ECD60B51ABD00A000F0637D /* Take CareTests */,
				7ECD60971ABD00A000F0637D /* Products */,
				0FF5C4819E1ED225723347FD /* Pods */,
				DD8821D7096ECB3901A872B9 /* Frameworks */,
			);
			sourceTree = "<group>";
		};
		7ECD60971ABD00A000F0637D /* Products */ = {
			isa = PBXGroup;
			children = (
				7ECD60961ABD00A000F0637D /* Take Care.app */,
				7ECD60B21ABD00A000F0637D /* Take CareTests.xctest */,
			);
			name = Products;
			sourceTree = "<group>";
		};
		7ECD60981ABD00A000F0637D /* Take Care */ = {
			isa = PBXGroup;
			children = (
				EC91DE0A1ABCDCF500FC7A49 /* Cells */,
				EC91DDA61ABCABF500FC7A49 /* Commons */,
				EC91DDA31ABCABB500FC7A49 /* Sounds */,
				7ECD60CD1ABD031000F0637D /* Assets */,
				7ECD60CE1ABD031700F0637D /* Controllers */,
				7ECD60C21ABD01CF00F0637D /* AppDelegate */,
				7ECD60C31ABD01D600F0637D /* Storyboard */,
				7ECD60C41ABD01E100F0637D /* Core Data */,
				7ECD60A91ABD00A000F0637D /* Images.xcassets */,
				7ECD60AB1ABD00A000F0637D /* LaunchScreen.xib */,
				7ECD60991ABD00A000F0637D /* Supporting Files */,
			);
			path = "Take Care";
			sourceTree = "<group>";
		};
		7ECD60991ABD00A000F0637D /* Supporting Files */ = {
			isa = PBXGroup;
			children = (
				7ECD609A1ABD00A000F0637D /* Info.plist */,
				7ECD609B1ABD00A000F0637D /* main.m */,
			);
			name = "Supporting Files";
			sourceTree = "<group>";
		};
		7ECD60B51ABD00A000F0637D /* Take CareTests */ = {
			isa = PBXGroup;
			children = (
				7ECD60B81ABD00A000F0637D /* Take_CareTests.m */,
				7ECD60B61ABD00A000F0637D /* Supporting Files */,
			);
			path = "Take CareTests";
			sourceTree = "<group>";
		};
		7ECD60B61ABD00A000F0637D /* Supporting Files */ = {
			isa = PBXGroup;
			children = (
				7ECD60B71ABD00A000F0637D /* Info.plist */,
			);
			name = "Supporting Files";
			sourceTree = "<group>";
		};
		7ECD60C21ABD01CF00F0637D /* AppDelegate */ = {
			isa = PBXGroup;
			children = (
				7ECD609D1ABD00A000F0637D /* AppDelegate.h */,
				7ECD609E1ABD00A000F0637D /* AppDelegate.m */,
			);
			name = AppDelegate;
			sourceTree = "<group>";
		};
		7ECD60C31ABD01D600F0637D /* Storyboard */ = {
			isa = PBXGroup;
			children = (
				7ECD60A61ABD00A000F0637D /* Main.storyboard */,
			);
			name = Storyboard;
			sourceTree = "<group>";
		};
		7ECD60C41ABD01E100F0637D /* Core Data */ = {
			isa = PBXGroup;
			children = (
				7ECD60A01ABD00A000F0637D /* Take_Care.xcdatamodeld */,
			);
			name = "Core Data";
			sourceTree = "<group>";
		};
		7ECD60CD1ABD031000F0637D /* Assets */ = {
			isa = PBXGroup;
			children = (
				EC91DE051ABCDC2800FC7A49 /* user notactive btn.png */,
				EC91DE031ABCAFDB00FC7A49 /* drawerbarbg.png */,
				EC91DE011ABCAF9F00FC7A49 /* home.png */,
				EC91DDFF1ABCAF9300FC7A49 /* emergencycontacts.png */,
				EC91DDFD1ABCAF8000FC7A49 /* settings.png */,
				EC91DDFB1ABCAF7300FC7A49 /* profile.png */,
				EC91DDB11ABCAF3700FC7A49 /* bg.png */,
				EC91DDB21ABCAF3700FC7A49 /* bgbutton.png */,
				EC91DDB31ABCAF3700FC7A49 /* cancelbutton.png */,
				EC91DDB41ABCAF3700FC7A49 /* changepin.png */,
				EC91DDB51ABCAF3700FC7A49 /* checkbutton.png */,
				EC91DDB61ABCAF3700FC7A49 /* dangerzonenotpressed.png */,
				EC91DDB71ABCAF3700FC7A49 /* dangerzonepressed.png */,
				EC91DDB81ABCAF3700FC7A49 /* drawer.png */,
				EC91DE0E1ABCE55700FC7A49 /* drawerburger.png */,
				EC91DDB91ABCAF3700FC7A49 /* drawerbar.png */,
				EC91DDBA1ABCAF3700FC7A49 /* drawerrr.png */,
				EC91DDBB1ABCAF3800FC7A49 /* emergencyicon.png */,
				EC91DDBC1ABCAF3800FC7A49 /* enterpintextbox.png */,
				EC91DDBD1ABCAF3800FC7A49 /* feelunsafebutton.png */,
				EC91DDBE1ABCAF3800FC7A49 /* header.png */,
				EC91DDBF1ABCAF3800FC7A49 /* header@2x.png */,
				EC91DDC01ABCAF3800FC7A49 /* headerbar.png */,
				EC91DDC11ABCAF3800FC7A49 /* headerbarwhite.png */,
				EC91DDC21ABCAF3800FC7A49 /* homeicon.png */,
				EC91DDC31ABCAF3800FC7A49 /* identifyspacenotpressed.png */,
				EC91DDC41ABCAF3800FC7A49 /* identifyspacepressed.png */,
				EC91DDC51ABCAF3800FC7A49 /* locationicon.png */,
				EC91DDC61ABCAF3800FC7A49 /* locationtextbox.png */,
				EC91DDC71ABCAF3800FC7A49 /* loginfacebookbutton.png */,
				EC91DDC81ABCAF3800FC7A49 /* logo.png */,
				EC91DDC91ABCAF3800FC7A49 /* logosmall.png */,
				EC91DDCA1ABCAF3800FC7A49 /* menu-icon.png */,
				EC91DDCB1ABCAF3800FC7A49 /* menu-icon@2x.png */,
				EC91DDCC1ABCAF3800FC7A49 /* navicon.png */,
				EC91DDCD1ABCAF3800FC7A49 /* profileicon.png */,
				EC91DDCE1ABCAF3800FC7A49 /* reportbutton.png */,
				EC91DDCF1ABCAF3800FC7A49 /* reportincidentnotpressed.png */,
				EC91DDD01ABCAF3800FC7A49 /* reportincidentpressed.png */,
				EC91DDD11ABCAF3800FC7A49 /* reportstorybg.png */,
				EC91DDD21ABCAF3800FC7A49 /* settingsicon.png */,
				EC91DDD31ABCAF3800FC7A49 /* spacebutton.png */,
				EC91DDD41ABCAF3800FC7A49 /* submitbutton.png */,
				EC91DDD51ABCAF3800FC7A49 /* tapimage.png */,
			);
			name = Assets;
			sourceTree = "<group>";
		};
		7ECD60CE1ABD031700F0637D /* Controllers */ = {
			isa = PBXGroup;
			children = (
				EC91DE071ABCDCC600FC7A49 /* RAContactsViewController.h */,
				EC91DE081ABCDCC600FC7A49 /* RAContactsViewController.m */,
				EC91DDAE1ABCADF300FC7A49 /* UnsafeViewController.h */,
				EC91DDAF1ABCADF300FC7A49 /* UnsafeViewController.m */,
				7ECD60C51ABD026200F0637D /* LeftPanelViewController.h */,
				7ECD60C61ABD026200F0637D /* LeftPanelViewController.m */,
				7ECD60C71ABD026200F0637D /* SidePanelViewController.h */,
				7ECD60C81ABD026200F0637D /* SidePanelViewController.m */,
				7ECD60DD1ABD031700F0637D /* HomeViewController.h */,
				7ECD60DE1ABD031700F0637D /* HomeViewController.m */,
				7ECD60F01ABD031700F0637D /* SpaceViewController.h */,
				7ECD60F11ABD031700F0637D /* SpaceViewController.m */,
				7ECD60FF1ABD031700F0637D /* ReportIncidentViewController.h */,
				7ECD61001ABD031700F0637D /* ReportIncidentViewController.m */,
				7EB7C8AB1ABBCAD400E9BC48 /* SafeSpaceViewController.h */,
				7EB7C8AC1ABBCAD400E9BC48 /* SafeSpaceViewController.m */,
				7EB7C8AE1ABBFF2C00E9BC48 /* DangerZoneViewController.h */,
				7EB7C8AF1ABBFF2C00E9BC48 /* DangerZoneViewController.m */,
				7E1C1E411ABC3FF0007800D5 /* StoryDetailViewController.h */,
				7E1C1E421ABC3FF0007800D5 /* StoryDetailViewController.m */,
			);
			name = Controllers;
			sourceTree = "<group>";
		};
		DD8821D7096ECB3901A872B9 /* Frameworks */ = {
			isa = PBXGroup;
			children = (
				EC91DDAC1ABCAD2E00FC7A49 /* CoreLocation.framework */,
				3928C1753C454FFB91CAAEA4 /* libPods.a */,
			);
			name = Frameworks;
			sourceTree = "<group>";
		};
		EC91DDA31ABCABB500FC7A49 /* Sounds */ = {
			isa = PBXGroup;
			children = (
				EC91DDA41ABCABE700FC7A49 /* siren.mp3 */,
			);
			path = Sounds;
			sourceTree = "<group>";
		};
		EC91DDA61ABCABF500FC7A49 /* Commons */ = {
			isa = PBXGroup;
			children = (
				EC91DDA81ABCAC2600FC7A49 /* Utils */,
				EC91DDA71ABCAC1B00FC7A49 /* Constants.h */,
			);
			path = Commons;
			sourceTree = "<group>";
		};
		EC91DDA81ABCAC2600FC7A49 /* Utils */ = {
			isa = PBXGroup;
			children = (
				EC91DDA91ABCAC5800FC7A49 /* AnimationUtils.h */,
				EC91DDAA1ABCAC5800FC7A49 /* AnimationUtils.m */,
			);
			path = Utils;
			sourceTree = "<group>";
		};
		EC91DE0A1ABCDCF500FC7A49 /* Cells */ = {
			isa = PBXGroup;
			children = (
				EC91DE0B1ABCDD1400FC7A49 /* RAContactCell.m */,
				EC91DE0C1ABCDD1400FC7A49 /* RAContactCell.h */,
			);
			path = Cells;
			sourceTree = "<group>";
		};
/* End PBXGroup section */

/* Begin PBXNativeTarget section */
		7ECD60951ABD00A000F0637D /* Take Care */ = {
			isa = PBXNativeTarget;
			buildConfigurationList = 7ECD60BC1ABD00A000F0637D /* Build configuration list for PBXNativeTarget "Take Care" */;
			buildPhases = (
				1B4ECAEB1A04ADFECCEE98E1 /* Check Pods Manifest.lock */,
				7ECD60921ABD00A000F0637D /* Sources */,
				7ECD60931ABD00A000F0637D /* Frameworks */,
				7ECD60941ABD00A000F0637D /* Resources */,
				0EF156BC64F76552C4AB22D4 /* Copy Pods Resources */,
			);
			buildRules = (
			);
			dependencies = (
			);
			name = "Take Care";
			productName = "Take Care";
			productReference = 7ECD60961ABD00A000F0637D /* Take Care.app */;
			productType = "com.apple.product-type.application";
		};
		7ECD60B11ABD00A000F0637D /* Take CareTests */ = {
			isa = PBXNativeTarget;
			buildConfigurationList = 7ECD60BF1ABD00A000F0637D /* Build configuration list for PBXNativeTarget "Take CareTests" */;
			buildPhases = (
				7ECD60AE1ABD00A000F0637D /* Sources */,
				7ECD60AF1ABD00A000F0637D /* Frameworks */,
				7ECD60B01ABD00A000F0637D /* Resources */,
			);
			buildRules = (
			);
			dependencies = (
				7ECD60B41ABD00A000F0637D /* PBXTargetDependency */,
			);
			name = "Take CareTests";
			productName = "Take CareTests";
			productReference = 7ECD60B21ABD00A000F0637D /* Take CareTests.xctest */;
			productType = "com.apple.product-type.bundle.unit-test";
		};
/* End PBXNativeTarget section */

/* Begin PBXProject section */
		7ECD608E1ABD00A000F0637D /* Project object */ = {
			isa = PBXProject;
			attributes = {
				LastUpgradeCheck = 0610;
				ORGANIZATIONNAME = Digify;
				TargetAttributes = {
					7ECD60951ABD00A000F0637D = {
						CreatedOnToolsVersion = 6.1;
					};
					7ECD60B11ABD00A000F0637D = {
						CreatedOnToolsVersion = 6.1;
						TestTargetID = 7ECD60951ABD00A000F0637D;
					};
				};
			};
			buildConfigurationList = 7ECD60911ABD00A000F0637D /* Build configuration list for PBXProject "Take Care" */;
			compatibilityVersion = "Xcode 3.2";
			developmentRegion = English;
			hasScannedForEncodings = 0;
			knownRegions = (
				en,
				Base,
			);
			mainGroup = 7ECD608D1ABD00A000F0637D;
			productRefGroup = 7ECD60971ABD00A000F0637D /* Products */;
			projectDirPath = "";
			projectRoot = "";
			targets = (
				7ECD60951ABD00A000F0637D /* Take Care */,
				7ECD60B11ABD00A000F0637D /* Take CareTests */,
			);
		};
/* End PBXProject section */

/* Begin PBXResourcesBuildPhase section */
		7ECD60941ABD00A000F0637D /* Resources */ = {
			isa = PBXResourcesBuildPhase;
			buildActionMask = 2147483647;
			files = (
				EC91DDD61ABCAF3800FC7A49 /* bg.png in Resources */,
				EC91DDE61ABCAF3800FC7A49 /* headerbarwhite.png in Resources */,
				EC91DDE81ABCAF3800FC7A49 /* identifyspacenotpressed.png in Resources */,
				7ECD60A81ABD00A000F0637D /* Main.storyboard in Resources */,
				EC91DDF51ABCAF3800FC7A49 /* reportincidentpressed.png in Resources */,
				EC91DDED1ABCAF3800FC7A49 /* logo.png in Resources */,
				EC91DDD71ABCAF3800FC7A49 /* bgbutton.png in Resources */,
				EC91DDE41ABCAF3800FC7A49 /* header@2x.png in Resources */,
				7ECD60AD1ABD00A000F0637D /* LaunchScreen.xib in Resources */,
				EC91DDEB1ABCAF3800FC7A49 /* locationtextbox.png in Resources */,
				EC91DDF61ABCAF3800FC7A49 /* reportstorybg.png in Resources */,
				EC91DE021ABCAF9F00FC7A49 /* home.png in Resources */,
				EC91DDDF1ABCAF3800FC7A49 /* drawerrr.png in Resources */,
				EC91DDF01ABCAF3800FC7A49 /* menu-icon@2x.png in Resources */,
				EC91DDFC1ABCAF7300FC7A49 /* profile.png in Resources */,
				EC91DE001ABCAF9300FC7A49 /* emergencycontacts.png in Resources */,
				EC91DDDA1ABCAF3800FC7A49 /* checkbutton.png in Resources */,
				EC91DDF11ABCAF3800FC7A49 /* navicon.png in Resources */,
				EC91DDE91ABCAF3800FC7A49 /* identifyspacepressed.png in Resources */,
				EC91DDF81ABCAF3800FC7A49 /* spacebutton.png in Resources */,
				EC91DDE31ABCAF3800FC7A49 /* header.png in Resources */,
				EC91DDF31ABCAF3800FC7A49 /* reportbutton.png in Resources */,
				EC91DDDB1ABCAF3800FC7A49 /* dangerzonenotpressed.png in Resources */,
				EC91DDFA1ABCAF3800FC7A49 /* tapimage.png in Resources */,
				EC91DDEE1ABCAF3800FC7A49 /* logosmall.png in Resources */,
				EC91DDEC1ABCAF3800FC7A49 /* loginfacebookbutton.png in Resources */,
				EC91DDDD1ABCAF3800FC7A49 /* drawer.png in Resources */,
				EC91DDE71ABCAF3800FC7A49 /* homeicon.png in Resources */,
				EC91DDD81ABCAF3800FC7A49 /* cancelbutton.png in Resources */,
				EC91DDF41ABCAF3800FC7A49 /* reportincidentnotpressed.png in Resources */,
				EC91DDEF1ABCAF3800FC7A49 /* menu-icon.png in Resources */,
				EC91DE0F1ABCE55700FC7A49 /* drawerburger.png in Resources */,
				EC91DDE11ABCAF3800FC7A49 /* enterpintextbox.png in Resources */,
				EC91DDF21ABCAF3800FC7A49 /* profileicon.png in Resources */,
				EC91DDE01ABCAF3800FC7A49 /* emergencyicon.png in Resources */,
				EC91DDEA1ABCAF3800FC7A49 /* locationicon.png in Resources */,
				EC91DDDE1ABCAF3800FC7A49 /* drawerbar.png in Resources */,
				EC91DDE51ABCAF3800FC7A49 /* headerbar.png in Resources */,
				EC91DDD91ABCAF3800FC7A49 /* changepin.png in Resources */,
				EC91DDF71ABCAF3800FC7A49 /* settingsicon.png in Resources */,
				EC91DE041ABCAFDB00FC7A49 /* drawerbarbg.png in Resources */,
				EC91DDFE1ABCAF8000FC7A49 /* settings.png in Resources */,
				EC91DE061ABCDC2800FC7A49 /* user notactive btn.png in Resources */,
				EC91DDF91ABCAF3800FC7A49 /* submitbutton.png in Resources */,
				EC91DDA51ABCABE700FC7A49 /* siren.mp3 in Resources */,
				EC91DDE21ABCAF3800FC7A49 /* feelunsafebutton.png in Resources */,
				EC91DDDC1ABCAF3800FC7A49 /* dangerzonepressed.png in Resources */,
				7ECD60AA1ABD00A000F0637D /* Images.xcassets in Resources */,
			);
			runOnlyForDeploymentPostprocessing = 0;
		};
		7ECD60B01ABD00A000F0637D /* Resources */ = {
			isa = PBXResourcesBuildPhase;
			buildActionMask = 2147483647;
			files = (
			);
			runOnlyForDeploymentPostprocessing = 0;
		};
/* End PBXResourcesBuildPhase section */

/* Begin PBXShellScriptBuildPhase section */
		0EF156BC64F76552C4AB22D4 /* Copy Pods Resources */ = {
			isa = PBXShellScriptBuildPhase;
			buildActionMask = 2147483647;
			files = (
			);
			inputPaths = (
			);
			name = "Copy Pods Resources";
			outputPaths = (
			);
			runOnlyForDeploymentPostprocessing = 0;
			shellPath = /bin/sh;
			shellScript = "\"${SRCROOT}/Pods/Target Support Files/Pods/Pods-resources.sh\"\n";
			showEnvVarsInLog = 0;
		};
		1B4ECAEB1A04ADFECCEE98E1 /* Check Pods Manifest.lock */ = {
			isa = PBXShellScriptBuildPhase;
			buildActionMask = 2147483647;
			files = (
			);
			inputPaths = (
			);
			name = "Check Pods Manifest.lock";
			outputPaths = (
			);
			runOnlyForDeploymentPostprocessing = 0;
			shellPath = /bin/sh;
			shellScript = "diff \"${PODS_ROOT}/../Podfile.lock\" \"${PODS_ROOT}/Manifest.lock\" > /dev/null\nif [[ $? != 0 ]] ; then\n    cat << EOM\nerror: The sandbox is not in sync with the Podfile.lock. Run 'pod install' or update your CocoaPods installation.\nEOM\n    exit 1\nfi\n";
			showEnvVarsInLog = 0;
		};
/* End PBXShellScriptBuildPhase section */

/* Begin PBXSourcesBuildPhase section */
		7ECD60921ABD00A000F0637D /* Sources */ = {
			isa = PBXSourcesBuildPhase;
			buildActionMask = 2147483647;
			files = (
				7ECD60A21ABD00A000F0637D /* Take_Care.xcdatamodeld in Sources */,
				EC91DE0D1ABCDD1400FC7A49 /* RAContactCell.m in Sources */,
				7ECD609F1ABD00A000F0637D /* AppDelegate.m in Sources */,
				7EB7C8AD1ABBCAD400E9BC48 /* SafeSpaceViewController.m in Sources */,
				7EB7C8B01ABBFF2C00E9BC48 /* DangerZoneViewController.m in Sources */,
				EC91DDAB1ABCAC5800FC7A49 /* AnimationUtils.m in Sources */,
				7ECD61011ABD031700F0637D /* ReportIncidentViewController.m in Sources */,
				7ECD60C91ABD026200F0637D /* LeftPanelViewController.m in Sources */,
				EC91DDB01ABCADF300FC7A49 /* UnsafeViewController.m in Sources */,
				7ECD609C1ABD00A000F0637D /* main.m in Sources */,
				7ECD60F21ABD031700F0637D /* SpaceViewController.m in Sources */,
				7E1C1E431ABC3FF0007800D5 /* StoryDetailViewController.m in Sources */,
				7ECD60CA1ABD026200F0637D /* SidePanelViewController.m in Sources */,
				EC91DE091ABCDCC600FC7A49 /* RAContactsViewController.m in Sources */,
				7ECD60DF1ABD031700F0637D /* HomeViewController.m in Sources */,
			);
			runOnlyForDeploymentPostprocessing = 0;
		};
		7ECD60AE1ABD00A000F0637D /* Sources */ = {
			isa = PBXSourcesBuildPhase;
			buildActionMask = 2147483647;
			files = (
				7ECD60B91ABD00A000F0637D /* Take_CareTests.m in Sources */,
			);
			runOnlyForDeploymentPostprocessing = 0;
		};
/* End PBXSourcesBuildPhase section */

/* Begin PBXTargetDependency section */
		7ECD60B41ABD00A000F0637D /* PBXTargetDependency */ = {
			isa = PBXTargetDependency;
			target = 7ECD60951ABD00A000F0637D /* Take Care */;
			targetProxy = 7ECD60B31ABD00A000F0637D /* PBXContainerItemProxy */;
		};
/* End PBXTargetDependency section */

/* Begin PBXVariantGroup section */
		7ECD60A61ABD00A000F0637D /* Main.storyboard */ = {
			isa = PBXVariantGroup;
			children = (
				7ECD60A71ABD00A000F0637D /* Base */,
			);
			name = Main.storyboard;
			sourceTree = "<group>";
		};
		7ECD60AB1ABD00A000F0637D /* LaunchScreen.xib */ = {
			isa = PBXVariantGroup;
			children = (
				7ECD60AC1ABD00A000F0637D /* Base */,
			);
			name = LaunchScreen.xib;
			sourceTree = "<group>";
		};
/* End PBXVariantGroup section */

/* Begin XCBuildConfiguration section */
		7ECD60BA1ABD00A000F0637D /* Debug */ = {
			isa = XCBuildConfiguration;
			buildSettings = {
				ALWAYS_SEARCH_USER_PATHS = NO;
				CLANG_CXX_LANGUAGE_STANDARD = "gnu++0x";
				CLANG_CXX_LIBRARY = "libc++";
				CLANG_ENABLE_MODULES = YES;
				CLANG_ENABLE_OBJC_ARC = YES;
				CLANG_WARN_BOOL_CONVERSION = YES;
				CLANG_WARN_CONSTANT_CONVERSION = YES;
				CLANG_WARN_DIRECT_OBJC_ISA_USAGE = YES_ERROR;
				CLANG_WARN_EMPTY_BODY = YES;
				CLANG_WARN_ENUM_CONVERSION = YES;
				CLANG_WARN_INT_CONVERSION = YES;
				CLANG_WARN_OBJC_ROOT_CLASS = YES_ERROR;
				CLANG_WARN_UNREACHABLE_CODE = YES;
				CLANG_WARN__DUPLICATE_METHOD_MATCH = YES;
				"CODE_SIGN_IDENTITY[sdk=iphoneos*]" = "iPhone Developer";
				COPY_PHASE_STRIP = NO;
				ENABLE_STRICT_OBJC_MSGSEND = YES;
				GCC_C_LANGUAGE_STANDARD = gnu99;
				GCC_DYNAMIC_NO_PIC = NO;
				GCC_OPTIMIZATION_LEVEL = 0;
				GCC_PREPROCESSOR_DEFINITIONS = (
					"DEBUG=1",
					"$(inherited)",
				);
				GCC_SYMBOLS_PRIVATE_EXTERN = NO;
				GCC_WARN_64_TO_32_BIT_CONVERSION = YES;
				GCC_WARN_ABOUT_RETURN_TYPE = YES_ERROR;
				GCC_WARN_UNDECLARED_SELECTOR = YES;
				GCC_WARN_UNINITIALIZED_AUTOS = YES_AGGRESSIVE;
				GCC_WARN_UNUSED_FUNCTION = YES;
				GCC_WARN_UNUSED_VARIABLE = YES;
				IPHONEOS_DEPLOYMENT_TARGET = 7.0;
				MTL_ENABLE_DEBUG_INFO = YES;
				ONLY_ACTIVE_ARCH = YES;
				SDKROOT = iphoneos;
			};
			name = Debug;
		};
		7ECD60BB1ABD00A000F0637D /* Release */ = {
			isa = XCBuildConfiguration;
			buildSettings = {
				ALWAYS_SEARCH_USER_PATHS = NO;
				CLANG_CXX_LANGUAGE_STANDARD = "gnu++0x";
				CLANG_CXX_LIBRARY = "libc++";
				CLANG_ENABLE_MODULES = YES;
				CLANG_ENABLE_OBJC_ARC = YES;
				CLANG_WARN_BOOL_CONVERSION = YES;
				CLANG_WARN_CONSTANT_CONVERSION = YES;
				CLANG_WARN_DIRECT_OBJC_ISA_USAGE = YES_ERROR;
				CLANG_WARN_EMPTY_BODY = YES;
				CLANG_WARN_ENUM_CONVERSION = YES;
				CLANG_WARN_INT_CONVERSION = YES;
				CLANG_WARN_OBJC_ROOT_CLASS = YES_ERROR;
				CLANG_WARN_UNREACHABLE_CODE = YES;
				CLANG_WARN__DUPLICATE_METHOD_MATCH = YES;
				"CODE_SIGN_IDENTITY[sdk=iphoneos*]" = "iPhone Developer";
				COPY_PHASE_STRIP = YES;
				ENABLE_NS_ASSERTIONS = NO;
				ENABLE_STRICT_OBJC_MSGSEND = YES;
				GCC_C_LANGUAGE_STANDARD = gnu99;
				GCC_WARN_64_TO_32_BIT_CONVERSION = YES;
				GCC_WARN_ABOUT_RETURN_TYPE = YES_ERROR;
				GCC_WARN_UNDECLARED_SELECTOR = YES;
				GCC_WARN_UNINITIALIZED_AUTOS = YES_AGGRESSIVE;
				GCC_WARN_UNUSED_FUNCTION = YES;
				GCC_WARN_UNUSED_VARIABLE = YES;
				IPHONEOS_DEPLOYMENT_TARGET = 7.0;
				MTL_ENABLE_DEBUG_INFO = NO;
				SDKROOT = iphoneos;
				VALIDATE_PRODUCT = YES;
			};
			name = Release;
		};
		7ECD60BD1ABD00A000F0637D /* Debug */ = {
			isa = XCBuildConfiguration;
			baseConfigurationReference = 478490AADEE3172A7728B900 /* Pods.debug.xcconfig */;
			buildSettings = {
				ASSETCATALOG_COMPILER_APPICON_NAME = AppIcon;
				GCC_PRECOMPILE_PREFIX_HEADER = NO;
				INFOPLIST_FILE = "Take Care/Info.plist";
				IPHONEOS_DEPLOYMENT_TARGET = 7.0;
				LD_RUNPATH_SEARCH_PATHS = "$(inherited) @executable_path/Frameworks";
				PRODUCT_NAME = "$(TARGET_NAME)";
			};
			name = Debug;
		};
		7ECD60BE1ABD00A000F0637D /* Release */ = {
			isa = XCBuildConfiguration;
			baseConfigurationReference = 9C8E22381E845C31380D3973 /* Pods.release.xcconfig */;
			buildSettings = {
				ASSETCATALOG_COMPILER_APPICON_NAME = AppIcon;
				GCC_PRECOMPILE_PREFIX_HEADER = NO;
				INFOPLIST_FILE = "Take Care/Info.plist";
				IPHONEOS_DEPLOYMENT_TARGET = 7.0;
				LD_RUNPATH_SEARCH_PATHS = "$(inherited) @executable_path/Frameworks";
				PRODUCT_NAME = "$(TARGET_NAME)";
			};
			name = Release;
		};
		7ECD60C01ABD00A000F0637D /* Debug */ = {
			isa = XCBuildConfiguration;
			buildSettings = {
				BUNDLE_LOADER = "$(TEST_HOST)";
				FRAMEWORK_SEARCH_PATHS = (
					"$(SDKROOT)/Developer/Library/Frameworks",
					"$(inherited)",
				);
				GCC_PREPROCESSOR_DEFINITIONS = (
					"DEBUG=1",
					"$(inherited)",
				);
				INFOPLIST_FILE = "Take CareTests/Info.plist";
				LD_RUNPATH_SEARCH_PATHS = "$(inherited) @executable_path/Frameworks @loader_path/Frameworks";
				PRODUCT_NAME = "$(TARGET_NAME)";
				TEST_HOST = "$(BUILT_PRODUCTS_DIR)/Take Care.app/Take Care";
			};
			name = Debug;
		};
		7ECD60C11ABD00A000F0637D /* Release */ = {
			isa = XCBuildConfiguration;
			buildSettings = {
				BUNDLE_LOADER = "$(TEST_HOST)";
				FRAMEWORK_SEARCH_PATHS = (
					"$(SDKROOT)/Developer/Library/Frameworks",
					"$(inherited)",
				);
				INFOPLIST_FILE = "Take CareTests/Info.plist";
				LD_RUNPATH_SEARCH_PATHS = "$(inherited) @executable_path/Frameworks @loader_path/Frameworks";
				PRODUCT_NAME = "$(TARGET_NAME)";
				TEST_HOST = "$(BUILT_PRODUCTS_DIR)/Take Care.app/Take Care";
			};
			name = Release;
		};
/* End XCBuildConfiguration section */

/* Begin XCConfigurationList section */
		7ECD60911ABD00A000F0637D /* Build configuration list for PBXProject "Take Care" */ = {
			isa = XCConfigurationList;
			buildConfigurations = (
				7ECD60BA1ABD00A000F0637D /* Debug */,
				7ECD60BB1ABD00A000F0637D /* Release */,
			);
			defaultConfigurationIsVisible = 0;
			defaultConfigurationName = Release;
		};
		7ECD60BC1ABD00A000F0637D /* Build configuration list for PBXNativeTarget "Take Care" */ = {
			isa = XCConfigurationList;
			buildConfigurations = (
				7ECD60BD1ABD00A000F0637D /* Debug */,
				7ECD60BE1ABD00A000F0637D /* Release */,
			);
			defaultConfigurationIsVisible = 0;
			defaultConfigurationName = Release;
		};
		7ECD60BF1ABD00A000F0637D /* Build configuration list for PBXNativeTarget "Take CareTests" */ = {
			isa = XCConfigurationList;
			buildConfigurations = (
				7ECD60C01ABD00A000F0637D /* Debug */,
				7ECD60C11ABD00A000F0637D /* Release */,
			);
			defaultConfigurationIsVisible = 0;
			defaultConfigurationName = Release;
		};
/* End XCConfigurationList section */

/* Begin XCVersionGroup section */
		7ECD60A01ABD00A000F0637D /* Take_Care.xcdatamodeld */ = {
			isa = XCVersionGroup;
			children = (
				7ECD60A11ABD00A000F0637D /* Take_Care.xcdatamodel */,
			);
			currentVersion = 7ECD60A11ABD00A000F0637D /* Take_Care.xcdatamodel */;
			path = Take_Care.xcdatamodeld;
			sourceTree = "<group>";
			versionGroupType = wrapper.xcdatamodel;
		};
/* End XCVersionGroup section */
	};
	rootObject = 7ECD608E1ABD00A000F0637D /* Project object */;
}
